{
  "lockfileVersion": 1,
  "workspaces": {
    "": {
      "name": "nano-jwt",
      "devDependencies": {
        "@types/bun": "latest",
        "bunup": "^0.1.36",
      },
      "peerDependencies": {
        "typescript": "^5",
      },
    },
  },
  "packages": {
    "@babel/code-frame": ["@babel/code-frame@7.26.2", "", { "dependencies": { "@babel/helper-validator-identifier": "^7.25.9", "js-tokens": "^4.0.0", "picocolors": "^1.0.0" } }, "sha512-RJlIHRueQgwWitWgF8OdFYGZX328Ax5BCemNGlqHfplnRT9ESi8JkFlvaVYbS+UubVY6dpv87Fs2u5M29iNFVQ=="],

    "@babel/helper-validator-identifier": ["@babel/helper-validator-identifier@7.25.9", "", {}, "sha512-Ed61U6XJc3CVRfkERJWDz4dJwKe7iLmmJsbOGu9wSloNSFttHV0I8g6UAgb7qnK5ly5bGLPd4oXZlxCdANBOWQ=="],

    "@emnapi/core": ["@emnapi/core@1.3.1", "", { "dependencies": { "@emnapi/wasi-threads": "1.0.1", "tslib": "^2.4.0" } }, "sha512-pVGjBIt1Y6gg3EJN8jTcfpP/+uuRksIo055oE/OBkDNcjZqVbfkWCksG1Jp4yZnj3iKWyWX8fdG/j6UDYPbFog=="],

    "@emnapi/runtime": ["@emnapi/runtime@1.3.1", "", { "dependencies": { "tslib": "^2.4.0" } }, "sha512-kEBmG8KyqtxJZv+ygbEim+KCGtIq1fC22Ms3S4ziXmYKm8uyoLX0MHONVKwp+9opg390VaKRNt4a7A9NwmpNhw=="],

    "@emnapi/wasi-threads": ["@emnapi/wasi-threads@1.0.1", "", { "dependencies": { "tslib": "^2.4.0" } }, "sha512-iIBu7mwkq4UQGeMEM8bLwNK962nXdhodeScX4slfQnRhEMMzvYivHhutCIk8uojvmASXXPC2WNEjwxFWk72Oqw=="],

    "@jridgewell/sourcemap-codec": ["@jridgewell/sourcemap-codec@1.5.0", "", {}, "sha512-gv3ZRaISU3fjPAgNsriBRqGWQL6quFx04YMPW/zD8XMLsU32mhCCbfbO6KZFLjvYpCZ8zyDEgqsgf+PwPaM7GQ=="],

    "@napi-rs/wasm-runtime": ["@napi-rs/wasm-runtime@0.2.7", "", { "dependencies": { "@emnapi/core": "^1.3.1", "@emnapi/runtime": "^1.3.1", "@tybys/wasm-util": "^0.9.0" } }, "sha512-5yximcFK5FNompXfJFoWanu5l8v1hNGqNHh9du1xETp9HWk/B/PzvchX55WYOPaIeNglG8++68AAiauBAtbnzw=="],

    "@oxc-transform/binding-darwin-arm64": ["@oxc-transform/binding-darwin-arm64@0.58.1", "", { "os": "darwin", "cpu": "arm64" }, "sha512-iOTmbTaYMrx61Vxh9uvl9PGileR/d98NuaESOVB5FFrN4rcqFs5rGLiRqQm8T87GCCGXyfP3S44glprVS3s/0A=="],

    "@oxc-transform/binding-darwin-x64": ["@oxc-transform/binding-darwin-x64@0.58.1", "", { "os": "darwin", "cpu": "x64" }, "sha512-NdsVLQTw8FJe0Bb0i6Nj7Rtem+vo3ABnHcn08wA8l9mDMZKlrIHWwH6HY9g8P4qvE1jJ1HA/IkqtPU5PQfgv0A=="],

    "@oxc-transform/binding-linux-arm-gnueabihf": ["@oxc-transform/binding-linux-arm-gnueabihf@0.58.1", "", { "os": "linux", "cpu": "arm" }, "sha512-BxL5IBfid1Xp+bSEgELAvq+e/Zfd60tV/0nSaTwXgEAnAvOU8abrAPuiXpciZKNBGZ8R6W2Iy/yDUeiF/IBFiA=="],

    "@oxc-transform/binding-linux-arm64-gnu": ["@oxc-transform/binding-linux-arm64-gnu@0.58.1", "", { "os": "linux", "cpu": "arm64" }, "sha512-HwA3Gsitz/LL+DkPgpHAc6sANTSnInmlq76MV3zf0tw5iMs9kLiQ2W61dM+D9NNwfHvrY3O0uyLR965R/vW11A=="],

    "@oxc-transform/binding-linux-arm64-musl": ["@oxc-transform/binding-linux-arm64-musl@0.58.1", "", { "os": "linux", "cpu": "arm64" }, "sha512-wUkArdXty35Yzl2qc9ECoFOujzMj/XZ0HEZoSAhdw/NkS4CjowNgV06tUvUesmwG3NV8p37hJdT+M7r3u+zH8Q=="],

    "@oxc-transform/binding-linux-x64-gnu": ["@oxc-transform/binding-linux-x64-gnu@0.58.1", "", { "os": "linux", "cpu": "x64" }, "sha512-ED/4ZLRP59TOFsfJ60LEFa7RWKVm8aC+L/0IwDtckNlixk06jy4YyH56RGifJPd6Li2sTaLE0VOVgkJ2cgWEig=="],

    "@oxc-transform/binding-linux-x64-musl": ["@oxc-transform/binding-linux-x64-musl@0.58.1", "", { "os": "linux", "cpu": "x64" }, "sha512-xdlYvnkxe8QL7oWsmir4bZNNwPWMKy8twCLB5UG5rM4/COOhl3APuW1oRDFghhF/0kJHaCYT0KdVtOchFKIHAg=="],

    "@oxc-transform/binding-wasm32-wasi": ["@oxc-transform/binding-wasm32-wasi@0.58.1", "", { "dependencies": { "@napi-rs/wasm-runtime": "^0.2.7" }, "cpu": "none" }, "sha512-rD+riAK0v3MHIFyUo6+xqDEOi/MHVknNaJxWeWuyahn+ZGQC3jBOG0dGVq3x+px8DBqvlfihiDs3tkIDnc6BJQ=="],

    "@oxc-transform/binding-win32-arm64-msvc": ["@oxc-transform/binding-win32-arm64-msvc@0.58.1", "", { "os": "win32", "cpu": "arm64" }, "sha512-jrCOvmabG9TVV/OvO7M3WSXkBX4aZ8RjOwsZEWcMiKeybmUr8E8XHx0YdwzL1M8MSKpdctoHPv1nz3SqM7uo6Q=="],

    "@oxc-transform/binding-win32-x64-msvc": ["@oxc-transform/binding-win32-x64-msvc@0.58.1", "", { "os": "win32", "cpu": "x64" }, "sha512-612E4VNg9wK5cpGjaHjdW+aD3b1w80lps6rsFEsWejGB5nF5OkXS8uZxS1iQE/16JUoFNUcH+3yyqQP7ljdOuA=="],

    "@rollup/rollup-android-arm-eabi": ["@rollup/rollup-android-arm-eabi@4.37.0", "", { "os": "android", "cpu": "arm" }, "sha512-l7StVw6WAa8l3vA1ov80jyetOAEo1FtHvZDbzXDO/02Sq/QVvqlHkYoFwDJPIMj0GKiistsBudfx5tGFnwYWDQ=="],

    "@rollup/rollup-android-arm64": ["@rollup/rollup-android-arm64@4.37.0", "", { "os": "android", "cpu": "arm64" }, "sha512-6U3SlVyMxezt8Y+/iEBcbp945uZjJwjZimu76xoG7tO1av9VO691z8PkhzQ85ith2I8R2RddEPeSfcbyPfD4hA=="],

    "@rollup/rollup-darwin-arm64": ["@rollup/rollup-darwin-arm64@4.37.0", "", { "os": "darwin", "cpu": "arm64" }, "sha512-+iTQ5YHuGmPt10NTzEyMPbayiNTcOZDWsbxZYR1ZnmLnZxG17ivrPSWFO9j6GalY0+gV3Jtwrrs12DBscxnlYA=="],

    "@rollup/rollup-darwin-x64": ["@rollup/rollup-darwin-x64@4.37.0", "", { "os": "darwin", "cpu": "x64" }, "sha512-m8W2UbxLDcmRKVjgl5J/k4B8d7qX2EcJve3Sut7YGrQoPtCIQGPH5AMzuFvYRWZi0FVS0zEY4c8uttPfX6bwYQ=="],

    "@rollup/rollup-freebsd-arm64": ["@rollup/rollup-freebsd-arm64@4.37.0", "", { "os": "freebsd", "cpu": "arm64" }, "sha512-FOMXGmH15OmtQWEt174v9P1JqqhlgYge/bUjIbiVD1nI1NeJ30HYT9SJlZMqdo1uQFyt9cz748F1BHghWaDnVA=="],

    "@rollup/rollup-freebsd-x64": ["@rollup/rollup-freebsd-x64@4.37.0", "", { "os": "freebsd", "cpu": "x64" }, "sha512-SZMxNttjPKvV14Hjck5t70xS3l63sbVwl98g3FlVVx2YIDmfUIy29jQrsw06ewEYQ8lQSuY9mpAPlmgRD2iSsA=="],

    "@rollup/rollup-linux-arm-gnueabihf": ["@rollup/rollup-linux-arm-gnueabihf@4.37.0", "", { "os": "linux", "cpu": "arm" }, "sha512-hhAALKJPidCwZcj+g+iN+38SIOkhK2a9bqtJR+EtyxrKKSt1ynCBeqrQy31z0oWU6thRZzdx53hVgEbRkuI19w=="],

    "@rollup/rollup-linux-arm-musleabihf": ["@rollup/rollup-linux-arm-musleabihf@4.37.0", "", { "os": "linux", "cpu": "arm" }, "sha512-jUb/kmn/Gd8epbHKEqkRAxq5c2EwRt0DqhSGWjPFxLeFvldFdHQs/n8lQ9x85oAeVb6bHcS8irhTJX2FCOd8Ag=="],

    "@rollup/rollup-linux-arm64-gnu": ["@rollup/rollup-linux-arm64-gnu@4.37.0", "", { "os": "linux", "cpu": "arm64" }, "sha512-oNrJxcQT9IcbcmKlkF+Yz2tmOxZgG9D9GRq+1OE6XCQwCVwxixYAa38Z8qqPzQvzt1FCfmrHX03E0pWoXm1DqA=="],

    "@rollup/rollup-linux-arm64-musl": ["@rollup/rollup-linux-arm64-musl@4.37.0", "", { "os": "linux", "cpu": "arm64" }, "sha512-pfxLBMls+28Ey2enpX3JvjEjaJMBX5XlPCZNGxj4kdJyHduPBXtxYeb8alo0a7bqOoWZW2uKynhHxF/MWoHaGQ=="],

    "@rollup/rollup-linux-loongarch64-gnu": ["@rollup/rollup-linux-loongarch64-gnu@4.37.0", "", { "os": "linux", "cpu": "none" }, "sha512-yCE0NnutTC/7IGUq/PUHmoeZbIwq3KRh02e9SfFh7Vmc1Z7atuJRYWhRME5fKgT8aS20mwi1RyChA23qSyRGpA=="],

    "@rollup/rollup-linux-powerpc64le-gnu": ["@rollup/rollup-linux-powerpc64le-gnu@4.37.0", "", { "os": "linux", "cpu": "ppc64" }, "sha512-NxcICptHk06E2Lh3a4Pu+2PEdZ6ahNHuK7o6Np9zcWkrBMuv21j10SQDJW3C9Yf/A/P7cutWoC/DptNLVsZ0VQ=="],

    "@rollup/rollup-linux-riscv64-gnu": ["@rollup/rollup-linux-riscv64-gnu@4.37.0", "", { "os": "linux", "cpu": "none" }, "sha512-PpWwHMPCVpFZLTfLq7EWJWvrmEuLdGn1GMYcm5MV7PaRgwCEYJAwiN94uBuZev0/J/hFIIJCsYw4nLmXA9J7Pw=="],

    "@rollup/rollup-linux-riscv64-musl": ["@rollup/rollup-linux-riscv64-musl@4.37.0", "", { "os": "linux", "cpu": "none" }, "sha512-DTNwl6a3CfhGTAOYZ4KtYbdS8b+275LSLqJVJIrPa5/JuIufWWZ/QFvkxp52gpmguN95eujrM68ZG+zVxa8zHA=="],

    "@rollup/rollup-linux-s390x-gnu": ["@rollup/rollup-linux-s390x-gnu@4.37.0", "", { "os": "linux", "cpu": "s390x" }, "sha512-hZDDU5fgWvDdHFuExN1gBOhCuzo/8TMpidfOR+1cPZJflcEzXdCy1LjnklQdW8/Et9sryOPJAKAQRw8Jq7Tg+A=="],

    "@rollup/rollup-linux-x64-gnu": ["@rollup/rollup-linux-x64-gnu@4.37.0", "", { "os": "linux", "cpu": "x64" }, "sha512-pKivGpgJM5g8dwj0ywBwe/HeVAUSuVVJhUTa/URXjxvoyTT/AxsLTAbkHkDHG7qQxLoW2s3apEIl26uUe08LVQ=="],

    "@rollup/rollup-linux-x64-musl": ["@rollup/rollup-linux-x64-musl@4.37.0", "", { "os": "linux", "cpu": "x64" }, "sha512-E2lPrLKE8sQbY/2bEkVTGDEk4/49UYRVWgj90MY8yPjpnGBQ+Xi1Qnr7b7UIWw1NOggdFQFOLZ8+5CzCiz143w=="],

    "@rollup/rollup-win32-arm64-msvc": ["@rollup/rollup-win32-arm64-msvc@4.37.0", "", { "os": "win32", "cpu": "arm64" }, "sha512-Jm7biMazjNzTU4PrQtr7VS8ibeys9Pn29/1bm4ph7CP2kf21950LgN+BaE2mJ1QujnvOc6p54eWWiVvn05SOBg=="],

    "@rollup/rollup-win32-ia32-msvc": ["@rollup/rollup-win32-ia32-msvc@4.37.0", "", { "os": "win32", "cpu": "ia32" }, "sha512-e3/1SFm1OjefWICB2Ucstg2dxYDkDTZGDYgwufcbsxTHyqQps1UQf33dFEChBNmeSsTOyrjw2JJq0zbG5GF6RA=="],

    "@rollup/rollup-win32-x64-msvc": ["@rollup/rollup-win32-x64-msvc@4.37.0", "", { "os": "win32", "cpu": "x64" }, "sha512-LWbXUBwn/bcLx2sSsqy7pK5o+Nr+VCoRoAohfJ5C/aBio9nfJmGQqHAhU6pwxV/RmyTk5AqdySma7uwWGlmeuA=="],

    "@tybys/wasm-util": ["@tybys/wasm-util@0.9.0", "", { "dependencies": { "tslib": "^2.4.0" } }, "sha512-6+7nlbMVX/PVDCwaIQ8nTOPveOcFLSt8GcXdx8hD0bt39uWxYT88uXzqTd4fTvqta7oeUJqudepapKNt2DYJFw=="],

    "@types/bun": ["@types/bun@1.2.5", "", { "dependencies": { "bun-types": "1.2.5" } }, "sha512-w2OZTzrZTVtbnJew1pdFmgV99H0/L+Pvw+z1P67HaR18MHOzYnTYOi6qzErhK8HyT+DB782ADVPPE92Xu2/Opg=="],

    "@types/estree": ["@types/estree@1.0.6", "", {}, "sha512-AYnb1nQyY49te+VRAVgmzfcgjYS91mY5P0TKUDCLEM+gNnA+3T6rWITXRLYCpahpqSQbN5cE+gHpnPyXjHWxcw=="],

    "@types/node": ["@types/node@22.13.13", "", { "dependencies": { "undici-types": "~6.20.0" } }, "sha512-ClsL5nMwKaBRwPcCvH8E7+nU4GxHVx1axNvMZTFHMEfNI7oahimt26P5zjVCRrjiIWj6YFXfE1v3dEp94wLcGQ=="],

    "@types/ws": ["@types/ws@8.5.14", "", { "dependencies": { "@types/node": "*" } }, "sha512-bd/YFLW+URhBzMXurx7lWByOu+xzU9+kb3RboOteXYDfW+tr+JZa99OyNmPINEGB/ahzKrEuc8rcv4gnpJmxTw=="],

    "bun-types": ["bun-types@1.2.5", "", { "dependencies": { "@types/node": "*", "@types/ws": "~8.5.10" } }, "sha512-3oO6LVGGRRKI4kHINx5PIdIgnLRb7l/SprhzqXapmoYkFl5m4j6EvALvbDVuuBFaamB46Ap6HCUxIXNLCGy+tg=="],

    "bunup": ["bunup@0.1.36", "", { "dependencies": { "chokidar": "^4.0.3", "load-tsconfig": "^0.2.5", "oxc-transform": "^0.58.1", "rollup": "^4.35.0", "rollup-plugin-dts": "^6.1.1" }, "peerDependencies": { "typescript": ">=4.5.0" }, "optionalPeers": ["typescript"], "bin": { "bunup": "build/cli.mjs" } }, "sha512-DfogKCfQ+F4s0QjWMAL2H8SvpAq8BU2OeAFJtktI73pBaoIInAygY5EJhKObepac0XFApN7L7cT7XyXXhQcZzw=="],

    "chokidar": ["chokidar@4.0.3", "", { "dependencies": { "readdirp": "^4.0.1" } }, "sha512-Qgzu8kfBvo+cA4962jnP1KkS6Dop5NS6g7R5LFYJr4b8Ub94PPQXUksCw9PvXoeXPRRddRNC5C1JQUR2SMGtnA=="],

    "fsevents": ["fsevents@2.3.3", "", { "os": "darwin" }, "sha512-5xoDfX+fL7faATnagmWPpbFtwh/R77WmMMqqHGS65C3vvB0YHrgF+B1YmZ3441tMj5n63k0212XNoJwzlhffQw=="],

    "js-tokens": ["js-tokens@4.0.0", "", {}, "sha512-RdJUflcE3cUzKiMqQgsCu06FPu9UdIJO0beYbPhHN4k6apgJtifcoCtT9bcxOpYBtpD2kCM6Sbzg4CausW/PKQ=="],

    "load-tsconfig": ["load-tsconfig@0.2.5", "", {}, "sha512-IXO6OCs9yg8tMKzfPZ1YmheJbZCiEsnBdcB03l0OcfK9prKnJb96siuHCr5Fl37/yo9DnKU+TLpxzTUspw9shg=="],

    "magic-string": ["magic-string@0.30.17", "", { "dependencies": { "@jridgewell/sourcemap-codec": "^1.5.0" } }, "sha512-sNPKHvyjVf7gyjwS4xGTaW/mCnF8wnjtifKBEhxfZ7E/S8tQ0rssrwGNn6q8JH/ohItJfSQp9mBtQYuTlH5QnA=="],

    "oxc-transform": ["oxc-transform@0.58.1", "", { "optionalDependencies": { "@oxc-transform/binding-darwin-arm64": "0.58.1", "@oxc-transform/binding-darwin-x64": "0.58.1", "@oxc-transform/binding-linux-arm-gnueabihf": "0.58.1", "@oxc-transform/binding-linux-arm64-gnu": "0.58.1", "@oxc-transform/binding-linux-arm64-musl": "0.58.1", "@oxc-transform/binding-linux-x64-gnu": "0.58.1", "@oxc-transform/binding-linux-x64-musl": "0.58.1", "@oxc-transform/binding-wasm32-wasi": "0.58.1", "@oxc-transform/binding-win32-arm64-msvc": "0.58.1", "@oxc-transform/binding-win32-x64-msvc": "0.58.1" } }, "sha512-xOG65Wi5Zp6MO8W4O3jyffWVhKLzqSgtfCC/W207dRLV4wkHyWuzoCgkiy/PUe1NqhC6SkiM603WspNS0AsOZg=="],

    "picocolors": ["picocolors@1.1.1", "", {}, "sha512-xceH2snhtb5M9liqDsmEw56le376mTZkEX/jEb/RxNFyegNul7eNslCXP9FDj/Lcu0X8KEyMceP2ntpaHrDEVA=="],

    "readdirp": ["readdirp@4.1.2", "", {}, "sha512-GDhwkLfywWL2s6vEjyhri+eXmfH6j1L7JE27WhqLeYzoh/A3DBaYGEj2H/HFZCn/kMfim73FXxEJTw06WtxQwg=="],

    "rollup": ["rollup@4.37.0", "", { "dependencies": { "@types/estree": "1.0.6" }, "optionalDependencies": { "@rollup/rollup-android-arm-eabi": "4.37.0", "@rollup/rollup-android-arm64": "4.37.0", "@rollup/rollup-darwin-arm64": "4.37.0", "@rollup/rollup-darwin-x64": "4.37.0", "@rollup/rollup-freebsd-arm64": "4.37.0", "@rollup/rollup-freebsd-x64": "4.37.0", "@rollup/rollup-linux-arm-gnueabihf": "4.37.0", "@rollup/rollup-linux-arm-musleabihf": "4.37.0", "@rollup/rollup-linux-arm64-gnu": "4.37.0", "@rollup/rollup-linux-arm64-musl": "4.37.0", "@rollup/rollup-linux-loongarch64-gnu": "4.37.0", "@rollup/rollup-linux-powerpc64le-gnu": "4.37.0", "@rollup/rollup-linux-riscv64-gnu": "4.37.0", "@rollup/rollup-linux-riscv64-musl": "4.37.0", "@rollup/rollup-linux-s390x-gnu": "4.37.0", "@rollup/rollup-linux-x64-gnu": "4.37.0", "@rollup/rollup-linux-x64-musl": "4.37.0", "@rollup/rollup-win32-arm64-msvc": "4.37.0", "@rollup/rollup-win32-ia32-msvc": "4.37.0", "@rollup/rollup-win32-x64-msvc": "4.37.0", "fsevents": "~2.3.2" }, "bin": { "rollup": "dist/bin/rollup" } }, "sha512-iAtQy/L4QFU+rTJ1YUjXqJOJzuwEghqWzCEYD2FEghT7Gsy1VdABntrO4CLopA5IkflTyqNiLNwPcOJ3S7UKLg=="],

    "rollup-plugin-dts": ["rollup-plugin-dts@6.2.1", "", { "dependencies": { "magic-string": "^0.30.17" }, "optionalDependencies": { "@babel/code-frame": "^7.26.2" }, "peerDependencies": { "rollup": "^3.29.4 || ^4", "typescript": "^4.5 || ^5.0" } }, "sha512-sR3CxYUl7i2CHa0O7bA45mCrgADyAQ0tVtGSqi3yvH28M+eg1+g5d7kQ9hLvEz5dorK3XVsH5L2jwHLQf72DzA=="],

    "tslib": ["tslib@2.8.1", "", {}, "sha512-oJFu94HQb+KVduSUQL7wnpmqnfmLsOA/nAh6b6EH0wCEoK0/mPeXU6c3wKDV83MkOuHPRHtSXKKU99IBazS/2w=="],

    "typescript": ["typescript@5.8.2", "", { "bin": { "tsc": "bin/tsc", "tsserver": "bin/tsserver" } }, "sha512-aJn6wq13/afZp/jT9QZmwEjDqqvSGp1VT5GVg+f/t6/oVyrgXM6BY1h9BRh/O5p3PlUPAe+WuiEZOmb/49RqoQ=="],

    "undici-types": ["undici-types@6.20.0", "", {}, "sha512-Ny6QZ2Nju20vw1SRHe3d9jVu6gJ+4e3+MMpqu7pqE5HT6WsTSlce++GQmK5UXS8mzV8DSYHrQH+Xrf2jVcuKNg=="],
  }
}
